
Microsoft Visual Studio Solution File, Format Version 12.00
# Visual Studio Version 17
VisualStudioVersion = 17.10.35013.160
MinimumVisualStudioVersion = 10.0.40219.1
Project("{FAE04EC0-301F-11D3-BF4B-00C04F79EFBC}") = "CustomizeException", "CustomizeException\CustomizeException.csproj", "{1E6C7254-478F-4308-907D-298BDE2AAFAD}"
EndProject
Global
	GlobalSection(SolutionConfigurationPlatforms) = preSolution
		Debug|Any CPU = Debug|Any CPU
		Release|Any CPU = Release|Any CPU
	EndGlobalSection
	GlobalSection(ProjectConfigurationPlatforms) = postSolution
		{1E6C7254-478F-4308-907D-298BDE2AAFAD}.Debug|Any CPU.ActiveCfg = Debug|Any CPU
		{1E6C7254-478F-4308-907D-298BDE2AAFAD}.Debug|Any CPU.Build.0 = Debug|Any CPU
		{1E6C7254-478F-4308-907D-298BDE2AAFAD}.Release|Any CPU.ActiveCfg = Release|Any CPU
		{1E6C7254-478F-4308-907D-298BDE2AAFAD}.Release|Any CPU.Build.0 = Release|Any CPU
	EndGlobalSection
	GlobalSection(SolutionProperties) = preSolution
		HideSolutionNode = FALSE
	EndGlobalSection
	GlobalSection(ExtensibilityGlobals) = postSolution
		SolutionGuid = {696C0209-249B-4053-9BD7-D7DE87BB9F12}
	EndGlobalSection
EndGlobal
